
Microsoft Visual Studio Solution File, Format Version 12.00
# Visual Studio 15
VisualStudioVersion = 15.0.26430.14
MinimumVisualStudioVersion = 10.0.40219.1
Project("{FAE04EC0-301F-11D3-BF4B-00C04F79EFBC}") = "01. Sino The Walker", "01. Sino The Walker\01. Sino The Walker.csproj", "{5B0C5B8D-7401-4944-A50E-CCC75ECF81BF}"
EndProject
Project("{FAE04EC0-301F-11D3-BF4B-00C04F79EFBC}") = "02. SoftUni Karaoke", "02. SoftUni Karaoke\02. SoftUni Karaoke.csproj", "{A852A5F6-511C-4792-AB1C-91CF9027045D}"
EndProject
Project("{FAE04EC0-301F-11D3-BF4B-00C04F79EFBC}") = "03. Endurance Rally", "03. Endurance Rally\03. Endurance Rally.csproj", "{4DB764DD-AE69-4950-B98B-CF26B99090F8}"
EndProject
Project("{FAE04EC0-301F-11D3-BF4B-00C04F79EFBC}") = "04. Winning Ticket", "04. Winning Ticket\04. Winning Ticket.csproj", "{BD19D6E2-BB69-48CA-A9D5-30BBC02223E7}"
EndProject
Global
	GlobalSection(SolutionConfigurationPlatforms) = preSolution
		Debug|Any CPU = Debug|Any CPU
		Release|Any CPU = Release|Any CPU
	EndGlobalSection
	GlobalSection(ProjectConfigurationPlatforms) = postSolution
		{5B0C5B8D-7401-4944-A50E-CCC75ECF81BF}.Debug|Any CPU.ActiveCfg = Debug|Any CPU
		{5B0C5B8D-7401-4944-A50E-CCC75ECF81BF}.Debug|Any CPU.Build.0 = Debug|Any CPU
		{5B0C5B8D-7401-4944-A50E-CCC75ECF81BF}.Release|Any CPU.ActiveCfg = Release|Any CPU
		{5B0C5B8D-7401-4944-A50E-CCC75ECF81BF}.Release|Any CPU.Build.0 = Release|Any CPU
		{A852A5F6-511C-4792-AB1C-91CF9027045D}.Debug|Any CPU.ActiveCfg = Debug|Any CPU
		{A852A5F6-511C-4792-AB1C-91CF9027045D}.Debug|Any CPU.Build.0 = Debug|Any CPU
		{A852A5F6-511C-4792-AB1C-91CF9027045D}.Release|Any CPU.ActiveCfg = Release|Any CPU
		{A852A5F6-511C-4792-AB1C-91CF9027045D}.Release|Any CPU.Build.0 = Release|Any CPU
		{4DB764DD-AE69-4950-B98B-CF26B99090F8}.Debug|Any CPU.ActiveCfg = Debug|Any CPU
		{4DB764DD-AE69-4950-B98B-CF26B99090F8}.Debug|Any CPU.Build.0 = Debug|Any CPU
		{4DB764DD-AE69-4950-B98B-CF26B99090F8}.Release|Any CPU.ActiveCfg = Release|Any CPU
		{4DB764DD-AE69-4950-B98B-CF26B99090F8}.Release|Any CPU.Build.0 = Release|Any CPU
		{BD19D6E2-BB69-48CA-A9D5-30BBC02223E7}.Debug|Any CPU.ActiveCfg = Debug|Any CPU
		{BD19D6E2-BB69-48CA-A9D5-30BBC02223E7}.Debug|Any CPU.Build.0 = Debug|Any CPU
		{BD19D6E2-BB69-48CA-A9D5-30BBC02223E7}.Release|Any CPU.ActiveCfg = Release|Any CPU
		{BD19D6E2-BB69-48CA-A9D5-30BBC02223E7}.Release|Any CPU.Build.0 = Release|Any CPU
	EndGlobalSection
	GlobalSection(SolutionProperties) = preSolution
		HideSolutionNode = FALSE
	EndGlobalSection
EndGlobal
