
Microsoft Visual Studio Solution File, Format Version 12.00
# Visual Studio 14
VisualStudioVersion = 14.0.25420.1
MinimumVisualStudioVersion = 10.0.40219.1
Project("{FAE04EC0-301F-11D3-BF4B-00C04F79EFBC}") = "01.CenturiesToMinutes", "01.CenturiesToMinutes\01.CenturiesToMinutes.csproj", "{7F35E3CA-EB30-4F93-AF78-CDA1D2759D89}"
EndProject
Project("{FAE04EC0-301F-11D3-BF4B-00C04F79EFBC}") = "CircleArea", "CircleArea\CircleArea.csproj", "{2A3BCFF8-83E5-4254-98C4-BCA5827A4B3E}"
EndProject
Project("{FAE04EC0-301F-11D3-BF4B-00C04F79EFBC}") = "Elevator", "Elevator\Elevator.csproj", "{B8364DDB-260C-46FB-87C4-F39C6737344D}"
EndProject
Project("{FAE04EC0-301F-11D3-BF4B-00C04F79EFBC}") = "ExactSum", "ExactSum\ExactSum.csproj", "{AE008DF4-D35C-4489-BE82-F1E215969D82}"
EndProject
Project("{FAE04EC0-301F-11D3-BF4B-00C04F79EFBC}") = "Greeting", "Greeting\Greeting.csproj", "{B200C2DA-393D-4018-942D-43C54B0F01F5}"
EndProject
Project("{FAE04EC0-301F-11D3-BF4B-00C04F79EFBC}") = "RefactorSpecialNumbers", "RefactorSpecialNumbers\RefactorSpecialNumbers.csproj", "{20D530DF-19DD-476F-95C5-3CF7DFF60D18}"
EndProject
Project("{FAE04EC0-301F-11D3-BF4B-00C04F79EFBC}") = "RefactorVolumeOfPyramid", "RefactorVolumeOfPyramid\RefactorVolumeOfPyramid.csproj", "{9FE8ED0E-23BF-4D7F-A2DD-CC53282A2236}"
EndProject
Project("{FAE04EC0-301F-11D3-BF4B-00C04F79EFBC}") = "SpecialNumbers", "SpecialNumbers\SpecialNumbers.csproj", "{21D42ADC-2109-4BDA-8E27-D89AD78089E7}"
EndProject
Project("{FAE04EC0-301F-11D3-BF4B-00C04F79EFBC}") = "TripplesOfLetters", "TripplesOfLetters\TripplesOfLetters.csproj", "{F39B0AE0-EA1F-46F2-9128-9FE53FCB6C82}"
EndProject
Project("{FAE04EC0-301F-11D3-BF4B-00C04F79EFBC}") = "TimeSinceBirthday", "TimeSinceBirthday\TimeSinceBirthday.csproj", "{F12302CB-46F9-4FB3-A78F-53A7ACBAD081}"
EndProject
Project("{FAE04EC0-301F-11D3-BF4B-00C04F79EFBC}") = "CirclePerimeter", "CirclePerimeter\CirclePerimeter.csproj", "{24BE29E0-FFB4-4E33-B7AE-4D2177496B24}"
EndProject
Project("{FAE04EC0-301F-11D3-BF4B-00C04F79EFBC}") = "ExactProductOfRealNumbers", "ExactProductOfRealNumbers\ExactProductOfRealNumbers.csproj", "{3CB8CBB9-4B91-4FBF-A4DC-9E2042137DD2}"
EndProject
Project("{FAE04EC0-301F-11D3-BF4B-00C04F79EFBC}") = "Transport", "Transport\Transport.csproj", "{2026A0D6-2C12-40D9-BE18-02A3DD9EF837}"
EndProject
Global
	GlobalSection(SolutionConfigurationPlatforms) = preSolution
		Debug|Any CPU = Debug|Any CPU
		Release|Any CPU = Release|Any CPU
	EndGlobalSection
	GlobalSection(ProjectConfigurationPlatforms) = postSolution
		{7F35E3CA-EB30-4F93-AF78-CDA1D2759D89}.Debug|Any CPU.ActiveCfg = Debug|Any CPU
		{7F35E3CA-EB30-4F93-AF78-CDA1D2759D89}.Debug|Any CPU.Build.0 = Debug|Any CPU
		{7F35E3CA-EB30-4F93-AF78-CDA1D2759D89}.Release|Any CPU.ActiveCfg = Release|Any CPU
		{7F35E3CA-EB30-4F93-AF78-CDA1D2759D89}.Release|Any CPU.Build.0 = Release|Any CPU
		{2A3BCFF8-83E5-4254-98C4-BCA5827A4B3E}.Debug|Any CPU.ActiveCfg = Debug|Any CPU
		{2A3BCFF8-83E5-4254-98C4-BCA5827A4B3E}.Debug|Any CPU.Build.0 = Debug|Any CPU
		{2A3BCFF8-83E5-4254-98C4-BCA5827A4B3E}.Release|Any CPU.ActiveCfg = Release|Any CPU
		{2A3BCFF8-83E5-4254-98C4-BCA5827A4B3E}.Release|Any CPU.Build.0 = Release|Any CPU
		{B8364DDB-260C-46FB-87C4-F39C6737344D}.Debug|Any CPU.ActiveCfg = Debug|Any CPU
		{B8364DDB-260C-46FB-87C4-F39C6737344D}.Debug|Any CPU.Build.0 = Debug|Any CPU
		{B8364DDB-260C-46FB-87C4-F39C6737344D}.Release|Any CPU.ActiveCfg = Release|Any CPU
		{B8364DDB-260C-46FB-87C4-F39C6737344D}.Release|Any CPU.Build.0 = Release|Any CPU
		{AE008DF4-D35C-4489-BE82-F1E215969D82}.Debug|Any CPU.ActiveCfg = Debug|Any CPU
		{AE008DF4-D35C-4489-BE82-F1E215969D82}.Debug|Any CPU.Build.0 = Debug|Any CPU
		{AE008DF4-D35C-4489-BE82-F1E215969D82}.Release|Any CPU.ActiveCfg = Release|Any CPU
		{AE008DF4-D35C-4489-BE82-F1E215969D82}.Release|Any CPU.Build.0 = Release|Any CPU
		{B200C2DA-393D-4018-942D-43C54B0F01F5}.Debug|Any CPU.ActiveCfg = Debug|Any CPU
		{B200C2DA-393D-4018-942D-43C54B0F01F5}.Debug|Any CPU.Build.0 = Debug|Any CPU
		{B200C2DA-393D-4018-942D-43C54B0F01F5}.Release|Any CPU.ActiveCfg = Release|Any CPU
		{B200C2DA-393D-4018-942D-43C54B0F01F5}.Release|Any CPU.Build.0 = Release|Any CPU
		{20D530DF-19DD-476F-95C5-3CF7DFF60D18}.Debug|Any CPU.ActiveCfg = Debug|Any CPU
		{20D530DF-19DD-476F-95C5-3CF7DFF60D18}.Debug|Any CPU.Build.0 = Debug|Any CPU
		{20D530DF-19DD-476F-95C5-3CF7DFF60D18}.Release|Any CPU.ActiveCfg = Release|Any CPU
		{20D530DF-19DD-476F-95C5-3CF7DFF60D18}.Release|Any CPU.Build.0 = Release|Any CPU
		{9FE8ED0E-23BF-4D7F-A2DD-CC53282A2236}.Debug|Any CPU.ActiveCfg = Debug|Any CPU
		{9FE8ED0E-23BF-4D7F-A2DD-CC53282A2236}.Debug|Any CPU.Build.0 = Debug|Any CPU
		{9FE8ED0E-23BF-4D7F-A2DD-CC53282A2236}.Release|Any CPU.ActiveCfg = Release|Any CPU
		{9FE8ED0E-23BF-4D7F-A2DD-CC53282A2236}.Release|Any CPU.Build.0 = Release|Any CPU
		{21D42ADC-2109-4BDA-8E27-D89AD78089E7}.Debug|Any CPU.ActiveCfg = Debug|Any CPU
		{21D42ADC-2109-4BDA-8E27-D89AD78089E7}.Debug|Any CPU.Build.0 = Debug|Any CPU
		{21D42ADC-2109-4BDA-8E27-D89AD78089E7}.Release|Any CPU.ActiveCfg = Release|Any CPU
		{21D42ADC-2109-4BDA-8E27-D89AD78089E7}.Release|Any CPU.Build.0 = Release|Any CPU
		{F39B0AE0-EA1F-46F2-9128-9FE53FCB6C82}.Debug|Any CPU.ActiveCfg = Debug|Any CPU
		{F39B0AE0-EA1F-46F2-9128-9FE53FCB6C82}.Debug|Any CPU.Build.0 = Debug|Any CPU
		{F39B0AE0-EA1F-46F2-9128-9FE53FCB6C82}.Release|Any CPU.ActiveCfg = Release|Any CPU
		{F39B0AE0-EA1F-46F2-9128-9FE53FCB6C82}.Release|Any CPU.Build.0 = Release|Any CPU
		{F12302CB-46F9-4FB3-A78F-53A7ACBAD081}.Debug|Any CPU.ActiveCfg = Debug|Any CPU
		{F12302CB-46F9-4FB3-A78F-53A7ACBAD081}.Debug|Any CPU.Build.0 = Debug|Any CPU
		{F12302CB-46F9-4FB3-A78F-53A7ACBAD081}.Release|Any CPU.ActiveCfg = Release|Any CPU
		{F12302CB-46F9-4FB3-A78F-53A7ACBAD081}.Release|Any CPU.Build.0 = Release|Any CPU
		{24BE29E0-FFB4-4E33-B7AE-4D2177496B24}.Debug|Any CPU.ActiveCfg = Debug|Any CPU
		{24BE29E0-FFB4-4E33-B7AE-4D2177496B24}.Debug|Any CPU.Build.0 = Debug|Any CPU
		{24BE29E0-FFB4-4E33-B7AE-4D2177496B24}.Release|Any CPU.ActiveCfg = Release|Any CPU
		{24BE29E0-FFB4-4E33-B7AE-4D2177496B24}.Release|Any CPU.Build.0 = Release|Any CPU
		{3CB8CBB9-4B91-4FBF-A4DC-9E2042137DD2}.Debug|Any CPU.ActiveCfg = Debug|Any CPU
		{3CB8CBB9-4B91-4FBF-A4DC-9E2042137DD2}.Debug|Any CPU.Build.0 = Debug|Any CPU
		{3CB8CBB9-4B91-4FBF-A4DC-9E2042137DD2}.Release|Any CPU.ActiveCfg = Release|Any CPU
		{3CB8CBB9-4B91-4FBF-A4DC-9E2042137DD2}.Release|Any CPU.Build.0 = Release|Any CPU
		{2026A0D6-2C12-40D9-BE18-02A3DD9EF837}.Debug|Any CPU.ActiveCfg = Debug|Any CPU
		{2026A0D6-2C12-40D9-BE18-02A3DD9EF837}.Debug|Any CPU.Build.0 = Debug|Any CPU
		{2026A0D6-2C12-40D9-BE18-02A3DD9EF837}.Release|Any CPU.ActiveCfg = Release|Any CPU
		{2026A0D6-2C12-40D9-BE18-02A3DD9EF837}.Release|Any CPU.Build.0 = Release|Any CPU
	EndGlobalSection
	GlobalSection(SolutionProperties) = preSolution
		HideSolutionNode = FALSE
	EndGlobalSection
EndGlobal
