
Microsoft Visual Studio Solution File, Format Version 12.00
# Visual Studio 15
VisualStudioVersion = 15.0.26430.14
MinimumVisualStudioVersion = 10.0.40219.1
Project("{FAE04EC0-301F-11D3-BF4B-00C04F79EFBC}") = "01. Charity Marathon", "01. Charity Marathon\01. Charity Marathon.csproj", "{C1FEC2E9-233F-4626-8F27-A3079A66EA99}"
EndProject
Project("{FAE04EC0-301F-11D3-BF4B-00C04F79EFBC}") = "02. Ladybugs", "02. Ladybugs\02. Ladybugs.csproj", "{C2B2378C-34AE-4619-B7E5-D4DB3F11839C}"
EndProject
Project("{FAE04EC0-301F-11D3-BF4B-00C04F79EFBC}") = "03. Nether Realms", "03. Nether Realms\03. Nether Realms.csproj", "{32C0F267-D94D-4805-A81B-6E208C7428FB}"
EndProject
Project("{FAE04EC0-301F-11D3-BF4B-00C04F79EFBC}") = "04. Roli - The Coder", "04. Roli - The Coder\04. Roli - The Coder.csproj", "{5ECD9A5C-A5BE-49D4-8945-9864EB6F6B5B}"
EndProject
Project("{FAE04EC0-301F-11D3-BF4B-00C04F79EFBC}") = "04.1. Roli The Coder Alt", "04.1. Roli The Coder Alt\04.1. Roli The Coder Alt.csproj", "{1FEE1ED3-2CC3-4424-91D9-E630F2A161E5}"
EndProject
Global
	GlobalSection(SolutionConfigurationPlatforms) = preSolution
		Debug|Any CPU = Debug|Any CPU
		Release|Any CPU = Release|Any CPU
	EndGlobalSection
	GlobalSection(ProjectConfigurationPlatforms) = postSolution
		{C1FEC2E9-233F-4626-8F27-A3079A66EA99}.Debug|Any CPU.ActiveCfg = Debug|Any CPU
		{C1FEC2E9-233F-4626-8F27-A3079A66EA99}.Debug|Any CPU.Build.0 = Debug|Any CPU
		{C1FEC2E9-233F-4626-8F27-A3079A66EA99}.Release|Any CPU.ActiveCfg = Release|Any CPU
		{C1FEC2E9-233F-4626-8F27-A3079A66EA99}.Release|Any CPU.Build.0 = Release|Any CPU
		{C2B2378C-34AE-4619-B7E5-D4DB3F11839C}.Debug|Any CPU.ActiveCfg = Debug|Any CPU
		{C2B2378C-34AE-4619-B7E5-D4DB3F11839C}.Debug|Any CPU.Build.0 = Debug|Any CPU
		{C2B2378C-34AE-4619-B7E5-D4DB3F11839C}.Release|Any CPU.ActiveCfg = Release|Any CPU
		{C2B2378C-34AE-4619-B7E5-D4DB3F11839C}.Release|Any CPU.Build.0 = Release|Any CPU
		{32C0F267-D94D-4805-A81B-6E208C7428FB}.Debug|Any CPU.ActiveCfg = Debug|Any CPU
		{32C0F267-D94D-4805-A81B-6E208C7428FB}.Debug|Any CPU.Build.0 = Debug|Any CPU
		{32C0F267-D94D-4805-A81B-6E208C7428FB}.Release|Any CPU.ActiveCfg = Release|Any CPU
		{32C0F267-D94D-4805-A81B-6E208C7428FB}.Release|Any CPU.Build.0 = Release|Any CPU
		{5ECD9A5C-A5BE-49D4-8945-9864EB6F6B5B}.Debug|Any CPU.ActiveCfg = Debug|Any CPU
		{5ECD9A5C-A5BE-49D4-8945-9864EB6F6B5B}.Debug|Any CPU.Build.0 = Debug|Any CPU
		{5ECD9A5C-A5BE-49D4-8945-9864EB6F6B5B}.Release|Any CPU.ActiveCfg = Release|Any CPU
		{5ECD9A5C-A5BE-49D4-8945-9864EB6F6B5B}.Release|Any CPU.Build.0 = Release|Any CPU
		{1FEE1ED3-2CC3-4424-91D9-E630F2A161E5}.Debug|Any CPU.ActiveCfg = Debug|Any CPU
		{1FEE1ED3-2CC3-4424-91D9-E630F2A161E5}.Debug|Any CPU.Build.0 = Debug|Any CPU
		{1FEE1ED3-2CC3-4424-91D9-E630F2A161E5}.Release|Any CPU.ActiveCfg = Release|Any CPU
		{1FEE1ED3-2CC3-4424-91D9-E630F2A161E5}.Release|Any CPU.Build.0 = Release|Any CPU
	EndGlobalSection
	GlobalSection(SolutionProperties) = preSolution
		HideSolutionNode = FALSE
	EndGlobalSection
EndGlobal
