
Microsoft Visual Studio Solution File, Format Version 12.00
# Visual Studio 15
VisualStudioVersion = 15.0.26403.3
MinimumVisualStudioVersion = 10.0.40219.1
Project("{FAE04EC0-301F-11D3-BF4B-00C04F79EFBC}") = "01. Sino The Walker", "01. Sino The Walker\01. Sino The Walker.csproj", "{D1188F46-4D46-4B5F-9ECC-0F9194D57598}"
EndProject
Project("{FAE04EC0-301F-11D3-BF4B-00C04F79EFBC}") = "02. SoftUni Karaoke", "02. SoftUni Karaoke\02. SoftUni Karaoke.csproj", "{C7F96D93-C172-44FF-89BB-9F0619246FF3}"
EndProject
Project("{FAE04EC0-301F-11D3-BF4B-00C04F79EFBC}") = "03. Endurance Rally", "03. Endurance Rally\03. Endurance Rally.csproj", "{275A5931-00E9-421E-BFD7-7F286C6B8873}"
EndProject
Project("{FAE04EC0-301F-11D3-BF4B-00C04F79EFBC}") = "04. Winning Ticket", "04. Winning Ticket\04. Winning Ticket.csproj", "{FCF6229B-3E1A-43CE-9E86-D0D2D70F4910}"
EndProject
Global
	GlobalSection(SolutionConfigurationPlatforms) = preSolution
		Debug|Any CPU = Debug|Any CPU
		Release|Any CPU = Release|Any CPU
	EndGlobalSection
	GlobalSection(ProjectConfigurationPlatforms) = postSolution
		{D1188F46-4D46-4B5F-9ECC-0F9194D57598}.Debug|Any CPU.ActiveCfg = Debug|Any CPU
		{D1188F46-4D46-4B5F-9ECC-0F9194D57598}.Debug|Any CPU.Build.0 = Debug|Any CPU
		{D1188F46-4D46-4B5F-9ECC-0F9194D57598}.Release|Any CPU.ActiveCfg = Release|Any CPU
		{D1188F46-4D46-4B5F-9ECC-0F9194D57598}.Release|Any CPU.Build.0 = Release|Any CPU
		{C7F96D93-C172-44FF-89BB-9F0619246FF3}.Debug|Any CPU.ActiveCfg = Debug|Any CPU
		{C7F96D93-C172-44FF-89BB-9F0619246FF3}.Debug|Any CPU.Build.0 = Debug|Any CPU
		{C7F96D93-C172-44FF-89BB-9F0619246FF3}.Release|Any CPU.ActiveCfg = Release|Any CPU
		{C7F96D93-C172-44FF-89BB-9F0619246FF3}.Release|Any CPU.Build.0 = Release|Any CPU
		{275A5931-00E9-421E-BFD7-7F286C6B8873}.Debug|Any CPU.ActiveCfg = Debug|Any CPU
		{275A5931-00E9-421E-BFD7-7F286C6B8873}.Debug|Any CPU.Build.0 = Debug|Any CPU
		{275A5931-00E9-421E-BFD7-7F286C6B8873}.Release|Any CPU.ActiveCfg = Release|Any CPU
		{275A5931-00E9-421E-BFD7-7F286C6B8873}.Release|Any CPU.Build.0 = Release|Any CPU
		{FCF6229B-3E1A-43CE-9E86-D0D2D70F4910}.Debug|Any CPU.ActiveCfg = Debug|Any CPU
		{FCF6229B-3E1A-43CE-9E86-D0D2D70F4910}.Debug|Any CPU.Build.0 = Debug|Any CPU
		{FCF6229B-3E1A-43CE-9E86-D0D2D70F4910}.Release|Any CPU.ActiveCfg = Release|Any CPU
		{FCF6229B-3E1A-43CE-9E86-D0D2D70F4910}.Release|Any CPU.Build.0 = Release|Any CPU
	EndGlobalSection
	GlobalSection(SolutionProperties) = preSolution
		HideSolutionNode = FALSE
	EndGlobalSection
EndGlobal
