
Microsoft Visual Studio Solution File, Format Version 12.00
# Visual Studio 14
VisualStudioVersion = 14.0.25420.1
MinimumVisualStudioVersion = 10.0.40219.1
Project("{FAE04EC0-301F-11D3-BF4B-00C04F79EFBC}") = "1. Multiply Evens by Odds", "1. Multiply Evens by Odds\1. Multiply Evens by Odds.csproj", "{9ACF4A3A-5526-4A41-A7D9-A1E9F272999F}"
EndProject
Project("{FAE04EC0-301F-11D3-BF4B-00C04F79EFBC}") = "2. Holidays Between Two Dates", "2. Holidays Between Two Dates\2. Holidays Between Two Dates.csproj", "{1E6FDE0F-A6C4-47B0-807B-11249DEBD02E}"
EndProject
Project("{FAE04EC0-301F-11D3-BF4B-00C04F79EFBC}") = "3. Price Change Alert", "3. Price Change Alert\3. Price Change Alert.csproj", "{31C448FF-67A1-4B93-A5EC-0CCBC07B4BAC}"
EndProject
Global
	GlobalSection(SolutionConfigurationPlatforms) = preSolution
		Debug|Any CPU = Debug|Any CPU
		Release|Any CPU = Release|Any CPU
	EndGlobalSection
	GlobalSection(ProjectConfigurationPlatforms) = postSolution
		{9ACF4A3A-5526-4A41-A7D9-A1E9F272999F}.Debug|Any CPU.ActiveCfg = Debug|Any CPU
		{9ACF4A3A-5526-4A41-A7D9-A1E9F272999F}.Debug|Any CPU.Build.0 = Debug|Any CPU
		{9ACF4A3A-5526-4A41-A7D9-A1E9F272999F}.Release|Any CPU.ActiveCfg = Release|Any CPU
		{9ACF4A3A-5526-4A41-A7D9-A1E9F272999F}.Release|Any CPU.Build.0 = Release|Any CPU
		{1E6FDE0F-A6C4-47B0-807B-11249DEBD02E}.Debug|Any CPU.ActiveCfg = Debug|Any CPU
		{1E6FDE0F-A6C4-47B0-807B-11249DEBD02E}.Debug|Any CPU.Build.0 = Debug|Any CPU
		{1E6FDE0F-A6C4-47B0-807B-11249DEBD02E}.Release|Any CPU.ActiveCfg = Release|Any CPU
		{1E6FDE0F-A6C4-47B0-807B-11249DEBD02E}.Release|Any CPU.Build.0 = Release|Any CPU
		{31C448FF-67A1-4B93-A5EC-0CCBC07B4BAC}.Debug|Any CPU.ActiveCfg = Debug|Any CPU
		{31C448FF-67A1-4B93-A5EC-0CCBC07B4BAC}.Debug|Any CPU.Build.0 = Debug|Any CPU
		{31C448FF-67A1-4B93-A5EC-0CCBC07B4BAC}.Release|Any CPU.ActiveCfg = Release|Any CPU
		{31C448FF-67A1-4B93-A5EC-0CCBC07B4BAC}.Release|Any CPU.Build.0 = Release|Any CPU
	EndGlobalSection
	GlobalSection(SolutionProperties) = preSolution
		HideSolutionNode = FALSE
	EndGlobalSection
EndGlobal
