
Microsoft Visual Studio Solution File, Format Version 12.00
# Visual Studio 15
VisualStudioVersion = 15.0.26403.3
MinimumVisualStudioVersion = 10.0.40219.1
Project("{FAE04EC0-301F-11D3-BF4B-00C04F79EFBC}") = "01. Placeholders", "01. Placeholders\01. Placeholders.csproj", "{6030289D-E3CE-49B1-882F-186DA42D4943}"
EndProject
Project("{FAE04EC0-301F-11D3-BF4B-00C04F79EFBC}") = "02. JSON stringify", "2. JSON stringify\02. JSON stringify.csproj", "{7178F749-87D6-4AFD-A0D2-4A14A32C2166}"
EndProject
Project("{FAE04EC0-301F-11D3-BF4B-00C04F79EFBC}") = "03. JSON Parse", "03. JSON Parse\03. JSON Parse.csproj", "{40E1AE02-7006-4AAF-91C8-7809DD41D994}"
EndProject
Project("{FAE04EC0-301F-11D3-BF4B-00C04F79EFBC}") = "04. Sentence Split", "04. Sentence Split\04. Sentence Split.csproj", "{F3825033-8479-4207-B813-18B1F9D72E02}"
EndProject
Project("{FAE04EC0-301F-11D3-BF4B-00C04F79EFBC}") = "05. Capitalize Words", "05. Capitalize Words\05. Capitalize Words.csproj", "{BE9327FF-7E97-4FA6-893D-A984D0A5D6F3}"
EndProject
Global
	GlobalSection(SolutionConfigurationPlatforms) = preSolution
		Debug|Any CPU = Debug|Any CPU
		Release|Any CPU = Release|Any CPU
	EndGlobalSection
	GlobalSection(ProjectConfigurationPlatforms) = postSolution
		{6030289D-E3CE-49B1-882F-186DA42D4943}.Debug|Any CPU.ActiveCfg = Debug|Any CPU
		{6030289D-E3CE-49B1-882F-186DA42D4943}.Debug|Any CPU.Build.0 = Debug|Any CPU
		{6030289D-E3CE-49B1-882F-186DA42D4943}.Release|Any CPU.ActiveCfg = Release|Any CPU
		{6030289D-E3CE-49B1-882F-186DA42D4943}.Release|Any CPU.Build.0 = Release|Any CPU
		{7178F749-87D6-4AFD-A0D2-4A14A32C2166}.Debug|Any CPU.ActiveCfg = Debug|Any CPU
		{7178F749-87D6-4AFD-A0D2-4A14A32C2166}.Debug|Any CPU.Build.0 = Debug|Any CPU
		{7178F749-87D6-4AFD-A0D2-4A14A32C2166}.Release|Any CPU.ActiveCfg = Release|Any CPU
		{7178F749-87D6-4AFD-A0D2-4A14A32C2166}.Release|Any CPU.Build.0 = Release|Any CPU
		{40E1AE02-7006-4AAF-91C8-7809DD41D994}.Debug|Any CPU.ActiveCfg = Debug|Any CPU
		{40E1AE02-7006-4AAF-91C8-7809DD41D994}.Debug|Any CPU.Build.0 = Debug|Any CPU
		{40E1AE02-7006-4AAF-91C8-7809DD41D994}.Release|Any CPU.ActiveCfg = Release|Any CPU
		{40E1AE02-7006-4AAF-91C8-7809DD41D994}.Release|Any CPU.Build.0 = Release|Any CPU
		{F3825033-8479-4207-B813-18B1F9D72E02}.Debug|Any CPU.ActiveCfg = Debug|Any CPU
		{F3825033-8479-4207-B813-18B1F9D72E02}.Debug|Any CPU.Build.0 = Debug|Any CPU
		{F3825033-8479-4207-B813-18B1F9D72E02}.Release|Any CPU.ActiveCfg = Release|Any CPU
		{F3825033-8479-4207-B813-18B1F9D72E02}.Release|Any CPU.Build.0 = Release|Any CPU
		{BE9327FF-7E97-4FA6-893D-A984D0A5D6F3}.Debug|Any CPU.ActiveCfg = Debug|Any CPU
		{BE9327FF-7E97-4FA6-893D-A984D0A5D6F3}.Debug|Any CPU.Build.0 = Debug|Any CPU
		{BE9327FF-7E97-4FA6-893D-A984D0A5D6F3}.Release|Any CPU.ActiveCfg = Release|Any CPU
		{BE9327FF-7E97-4FA6-893D-A984D0A5D6F3}.Release|Any CPU.Build.0 = Release|Any CPU
	EndGlobalSection
	GlobalSection(SolutionProperties) = preSolution
		HideSolutionNode = FALSE
	EndGlobalSection
EndGlobal
