
Microsoft Visual Studio Solution File, Format Version 12.00
# Visual Studio 14
VisualStudioVersion = 14.0.25420.1
MinimumVisualStudioVersion = 10.0.40219.1
Project("{FAE04EC0-301F-11D3-BF4B-00C04F79EFBC}") = "01. Odd Lines", "01. Odd Lines\01. Odd Lines.csproj", "{096D7CFB-D81A-4A87-A3A6-F0B603201439}"
EndProject
Project("{FAE04EC0-301F-11D3-BF4B-00C04F79EFBC}") = "02. Line Numbers", "02. Line Numbers\02. Line Numbers.csproj", "{91513143-5C43-42E2-8CE8-FA36FE5319B2}"
EndProject
Project("{FAE04EC0-301F-11D3-BF4B-00C04F79EFBC}") = "03. Word Count", "03. Word Count\03. Word Count.csproj", "{45446CEC-18FA-4805-995C-7CE35668012C}"
EndProject
Project("{FAE04EC0-301F-11D3-BF4B-00C04F79EFBC}") = "04. Merge Files", "04. Merge Files\04. Merge Files.csproj", "{11D9A40B-DDBE-4464-B48F-7B6C266C4766}"
EndProject
Project("{FAE04EC0-301F-11D3-BF4B-00C04F79EFBC}") = "05. Get Folder Size", "05. Get Folder Size\05. Get Folder Size.csproj", "{B4D749C0-E1B2-45A6-B8C3-6771A4521850}"
EndProject
Project("{FAE04EC0-301F-11D3-BF4B-00C04F79EFBC}") = "06. Directories", "06. Directories\06. Directories.csproj", "{97B93BA1-332E-4CA2-B17D-F3AAAB98D3AF}"
EndProject
Global
	GlobalSection(SolutionConfigurationPlatforms) = preSolution
		Debug|Any CPU = Debug|Any CPU
		Release|Any CPU = Release|Any CPU
	EndGlobalSection
	GlobalSection(ProjectConfigurationPlatforms) = postSolution
		{096D7CFB-D81A-4A87-A3A6-F0B603201439}.Debug|Any CPU.ActiveCfg = Debug|Any CPU
		{096D7CFB-D81A-4A87-A3A6-F0B603201439}.Debug|Any CPU.Build.0 = Debug|Any CPU
		{096D7CFB-D81A-4A87-A3A6-F0B603201439}.Release|Any CPU.ActiveCfg = Release|Any CPU
		{096D7CFB-D81A-4A87-A3A6-F0B603201439}.Release|Any CPU.Build.0 = Release|Any CPU
		{91513143-5C43-42E2-8CE8-FA36FE5319B2}.Debug|Any CPU.ActiveCfg = Debug|Any CPU
		{91513143-5C43-42E2-8CE8-FA36FE5319B2}.Debug|Any CPU.Build.0 = Debug|Any CPU
		{91513143-5C43-42E2-8CE8-FA36FE5319B2}.Release|Any CPU.ActiveCfg = Release|Any CPU
		{91513143-5C43-42E2-8CE8-FA36FE5319B2}.Release|Any CPU.Build.0 = Release|Any CPU
		{45446CEC-18FA-4805-995C-7CE35668012C}.Debug|Any CPU.ActiveCfg = Debug|Any CPU
		{45446CEC-18FA-4805-995C-7CE35668012C}.Debug|Any CPU.Build.0 = Debug|Any CPU
		{45446CEC-18FA-4805-995C-7CE35668012C}.Release|Any CPU.ActiveCfg = Release|Any CPU
		{45446CEC-18FA-4805-995C-7CE35668012C}.Release|Any CPU.Build.0 = Release|Any CPU
		{11D9A40B-DDBE-4464-B48F-7B6C266C4766}.Debug|Any CPU.ActiveCfg = Debug|Any CPU
		{11D9A40B-DDBE-4464-B48F-7B6C266C4766}.Debug|Any CPU.Build.0 = Debug|Any CPU
		{11D9A40B-DDBE-4464-B48F-7B6C266C4766}.Release|Any CPU.ActiveCfg = Release|Any CPU
		{11D9A40B-DDBE-4464-B48F-7B6C266C4766}.Release|Any CPU.Build.0 = Release|Any CPU
		{B4D749C0-E1B2-45A6-B8C3-6771A4521850}.Debug|Any CPU.ActiveCfg = Debug|Any CPU
		{B4D749C0-E1B2-45A6-B8C3-6771A4521850}.Debug|Any CPU.Build.0 = Debug|Any CPU
		{B4D749C0-E1B2-45A6-B8C3-6771A4521850}.Release|Any CPU.ActiveCfg = Release|Any CPU
		{B4D749C0-E1B2-45A6-B8C3-6771A4521850}.Release|Any CPU.Build.0 = Release|Any CPU
		{97B93BA1-332E-4CA2-B17D-F3AAAB98D3AF}.Debug|Any CPU.ActiveCfg = Debug|Any CPU
		{97B93BA1-332E-4CA2-B17D-F3AAAB98D3AF}.Debug|Any CPU.Build.0 = Debug|Any CPU
		{97B93BA1-332E-4CA2-B17D-F3AAAB98D3AF}.Release|Any CPU.ActiveCfg = Release|Any CPU
		{97B93BA1-332E-4CA2-B17D-F3AAAB98D3AF}.Release|Any CPU.Build.0 = Release|Any CPU
	EndGlobalSection
	GlobalSection(SolutionProperties) = preSolution
		HideSolutionNode = FALSE
	EndGlobalSection
EndGlobal
