
Microsoft Visual Studio Solution File, Format Version 12.00
# Visual Studio 15
VisualStudioVersion = 15.0.26403.3
MinimumVisualStudioVersion = 10.0.40219.1
Project("{FAE04EC0-301F-11D3-BF4B-00C04F79EFBC}") = "01. Filter Extensions", "01. Filter Extensions\01. Filter Extensions.csproj", "{009C364C-37B4-484B-8591-7B7669EF86BB}"
EndProject
Project("{FAE04EC0-301F-11D3-BF4B-00C04F79EFBC}") = "02. HTML Contents", "02. HTML Contents\02. HTML Contents.csproj", "{13C8F74E-D404-4190-A0BE-F4ED4978ACF5}"
EndProject
Project("{FAE04EC0-301F-11D3-BF4B-00C04F79EFBC}") = "03. User Database", "03. User Database\03. User Database.csproj", "{58A63154-52A6-44B9-BD4F-FB39A11BC202}"
EndProject
Project("{FAE04EC0-301F-11D3-BF4B-00C04F79EFBC}") = "04. Re-Directory", "04. Re-Directory\04. Re-Directory.csproj", "{C09298C1-20E6-4DA8-86A2-145221DA42D9}"
EndProject
Global
	GlobalSection(SolutionConfigurationPlatforms) = preSolution
		Debug|Any CPU = Debug|Any CPU
		Release|Any CPU = Release|Any CPU
	EndGlobalSection
	GlobalSection(ProjectConfigurationPlatforms) = postSolution
		{009C364C-37B4-484B-8591-7B7669EF86BB}.Debug|Any CPU.ActiveCfg = Debug|Any CPU
		{009C364C-37B4-484B-8591-7B7669EF86BB}.Debug|Any CPU.Build.0 = Debug|Any CPU
		{009C364C-37B4-484B-8591-7B7669EF86BB}.Release|Any CPU.ActiveCfg = Release|Any CPU
		{009C364C-37B4-484B-8591-7B7669EF86BB}.Release|Any CPU.Build.0 = Release|Any CPU
		{13C8F74E-D404-4190-A0BE-F4ED4978ACF5}.Debug|Any CPU.ActiveCfg = Debug|Any CPU
		{13C8F74E-D404-4190-A0BE-F4ED4978ACF5}.Debug|Any CPU.Build.0 = Debug|Any CPU
		{13C8F74E-D404-4190-A0BE-F4ED4978ACF5}.Release|Any CPU.ActiveCfg = Release|Any CPU
		{13C8F74E-D404-4190-A0BE-F4ED4978ACF5}.Release|Any CPU.Build.0 = Release|Any CPU
		{58A63154-52A6-44B9-BD4F-FB39A11BC202}.Debug|Any CPU.ActiveCfg = Debug|Any CPU
		{58A63154-52A6-44B9-BD4F-FB39A11BC202}.Debug|Any CPU.Build.0 = Debug|Any CPU
		{58A63154-52A6-44B9-BD4F-FB39A11BC202}.Release|Any CPU.ActiveCfg = Release|Any CPU
		{58A63154-52A6-44B9-BD4F-FB39A11BC202}.Release|Any CPU.Build.0 = Release|Any CPU
		{C09298C1-20E6-4DA8-86A2-145221DA42D9}.Debug|Any CPU.ActiveCfg = Debug|Any CPU
		{C09298C1-20E6-4DA8-86A2-145221DA42D9}.Debug|Any CPU.Build.0 = Debug|Any CPU
		{C09298C1-20E6-4DA8-86A2-145221DA42D9}.Release|Any CPU.ActiveCfg = Release|Any CPU
		{C09298C1-20E6-4DA8-86A2-145221DA42D9}.Release|Any CPU.Build.0 = Release|Any CPU
	EndGlobalSection
	GlobalSection(SolutionProperties) = preSolution
		HideSolutionNode = FALSE
	EndGlobalSection
EndGlobal
