
Microsoft Visual Studio Solution File, Format Version 12.00
# Visual Studio 14
VisualStudioVersion = 14.0.25420.1
MinimumVisualStudioVersion = 10.0.40219.1
Project("{FAE04EC0-301F-11D3-BF4B-00C04F79EFBC}") = "01. Shellbound", "01. Shellbound\01. Shellbound.csproj", "{DC74F9AB-F6EC-4346-9769-E0A551098071}"
EndProject
Project("{FAE04EC0-301F-11D3-BF4B-00C04F79EFBC}") = "02. Dict-Ref- Advanced", "02. Dict-Ref- Advanced\02. Dict-Ref- Advanced.csproj", "{E5223FC8-CCB5-4F67-807C-250B6AEE06BF}"
EndProject
Project("{FAE04EC0-301F-11D3-BF4B-00C04F79EFBC}") = "03. Forum Topics", "03. Forum Topics\03. Forum Topics.csproj", "{A427C9EB-0E43-4633-A9FF-CB1F6F04FFC8}"
EndProject
Project("{FAE04EC0-301F-11D3-BF4B-00C04F79EFBC}") = "04. Social Media Posts", "04. Social Media Posts\04. Social Media Posts.csproj", "{D6F8A8EE-A533-4BC5-AF9E-4C9757870EBD}"
EndProject
Global
	GlobalSection(SolutionConfigurationPlatforms) = preSolution
		Debug|Any CPU = Debug|Any CPU
		Release|Any CPU = Release|Any CPU
	EndGlobalSection
	GlobalSection(ProjectConfigurationPlatforms) = postSolution
		{DC74F9AB-F6EC-4346-9769-E0A551098071}.Debug|Any CPU.ActiveCfg = Debug|Any CPU
		{DC74F9AB-F6EC-4346-9769-E0A551098071}.Debug|Any CPU.Build.0 = Debug|Any CPU
		{DC74F9AB-F6EC-4346-9769-E0A551098071}.Release|Any CPU.ActiveCfg = Release|Any CPU
		{DC74F9AB-F6EC-4346-9769-E0A551098071}.Release|Any CPU.Build.0 = Release|Any CPU
		{E5223FC8-CCB5-4F67-807C-250B6AEE06BF}.Debug|Any CPU.ActiveCfg = Debug|Any CPU
		{E5223FC8-CCB5-4F67-807C-250B6AEE06BF}.Debug|Any CPU.Build.0 = Debug|Any CPU
		{E5223FC8-CCB5-4F67-807C-250B6AEE06BF}.Release|Any CPU.ActiveCfg = Release|Any CPU
		{E5223FC8-CCB5-4F67-807C-250B6AEE06BF}.Release|Any CPU.Build.0 = Release|Any CPU
		{A427C9EB-0E43-4633-A9FF-CB1F6F04FFC8}.Debug|Any CPU.ActiveCfg = Debug|Any CPU
		{A427C9EB-0E43-4633-A9FF-CB1F6F04FFC8}.Debug|Any CPU.Build.0 = Debug|Any CPU
		{A427C9EB-0E43-4633-A9FF-CB1F6F04FFC8}.Release|Any CPU.ActiveCfg = Release|Any CPU
		{A427C9EB-0E43-4633-A9FF-CB1F6F04FFC8}.Release|Any CPU.Build.0 = Release|Any CPU
		{D6F8A8EE-A533-4BC5-AF9E-4C9757870EBD}.Debug|Any CPU.ActiveCfg = Debug|Any CPU
		{D6F8A8EE-A533-4BC5-AF9E-4C9757870EBD}.Debug|Any CPU.Build.0 = Debug|Any CPU
		{D6F8A8EE-A533-4BC5-AF9E-4C9757870EBD}.Release|Any CPU.ActiveCfg = Release|Any CPU
		{D6F8A8EE-A533-4BC5-AF9E-4C9757870EBD}.Release|Any CPU.Build.0 = Release|Any CPU
	EndGlobalSection
	GlobalSection(SolutionProperties) = preSolution
		HideSolutionNode = FALSE
	EndGlobalSection
EndGlobal
