
Microsoft Visual Studio Solution File, Format Version 12.00
# Visual Studio 15
VisualStudioVersion = 15.0.26403.3
MinimumVisualStudioVersion = 10.0.40219.1
Project("{FAE04EC0-301F-11D3-BF4B-00C04F79EFBC}") = "01. Charity Marathon", "01. Charity Marathon\01. Charity Marathon.csproj", "{3B214EFB-987B-4BB8-B73C-71279BB9D479}"
EndProject
Project("{FAE04EC0-301F-11D3-BF4B-00C04F79EFBC}") = "02. Ladybugs", "02. Ladybugs\02. Ladybugs.csproj", "{A5B9C264-50ED-484C-A9D7-19BD527C257D}"
EndProject
Project("{FAE04EC0-301F-11D3-BF4B-00C04F79EFBC}") = "03. Nether Realms", "03. Nether Realms\03. Nether Realms.csproj", "{1D6DFED4-16FA-4DBB-BA66-D38FF770C094}"
EndProject
Project("{FAE04EC0-301F-11D3-BF4B-00C04F79EFBC}") = "04. Roli - The Coder", "04. Roli - The Coder\04. Roli - The Coder.csproj", "{C1AEC076-9F47-4845-A2B3-B615BEE3ED0A}"
EndProject
Global
	GlobalSection(SolutionConfigurationPlatforms) = preSolution
		Debug|Any CPU = Debug|Any CPU
		Release|Any CPU = Release|Any CPU
	EndGlobalSection
	GlobalSection(ProjectConfigurationPlatforms) = postSolution
		{3B214EFB-987B-4BB8-B73C-71279BB9D479}.Debug|Any CPU.ActiveCfg = Debug|Any CPU
		{3B214EFB-987B-4BB8-B73C-71279BB9D479}.Debug|Any CPU.Build.0 = Debug|Any CPU
		{3B214EFB-987B-4BB8-B73C-71279BB9D479}.Release|Any CPU.ActiveCfg = Release|Any CPU
		{3B214EFB-987B-4BB8-B73C-71279BB9D479}.Release|Any CPU.Build.0 = Release|Any CPU
		{A5B9C264-50ED-484C-A9D7-19BD527C257D}.Debug|Any CPU.ActiveCfg = Debug|Any CPU
		{A5B9C264-50ED-484C-A9D7-19BD527C257D}.Debug|Any CPU.Build.0 = Debug|Any CPU
		{A5B9C264-50ED-484C-A9D7-19BD527C257D}.Release|Any CPU.ActiveCfg = Release|Any CPU
		{A5B9C264-50ED-484C-A9D7-19BD527C257D}.Release|Any CPU.Build.0 = Release|Any CPU
		{1D6DFED4-16FA-4DBB-BA66-D38FF770C094}.Debug|Any CPU.ActiveCfg = Debug|Any CPU
		{1D6DFED4-16FA-4DBB-BA66-D38FF770C094}.Debug|Any CPU.Build.0 = Debug|Any CPU
		{1D6DFED4-16FA-4DBB-BA66-D38FF770C094}.Release|Any CPU.ActiveCfg = Release|Any CPU
		{1D6DFED4-16FA-4DBB-BA66-D38FF770C094}.Release|Any CPU.Build.0 = Release|Any CPU
		{C1AEC076-9F47-4845-A2B3-B615BEE3ED0A}.Debug|Any CPU.ActiveCfg = Debug|Any CPU
		{C1AEC076-9F47-4845-A2B3-B615BEE3ED0A}.Debug|Any CPU.Build.0 = Debug|Any CPU
		{C1AEC076-9F47-4845-A2B3-B615BEE3ED0A}.Release|Any CPU.ActiveCfg = Release|Any CPU
		{C1AEC076-9F47-4845-A2B3-B615BEE3ED0A}.Release|Any CPU.Build.0 = Release|Any CPU
	EndGlobalSection
	GlobalSection(SolutionProperties) = preSolution
		HideSolutionNode = FALSE
	EndGlobalSection
EndGlobal
