
Microsoft Visual Studio Solution File, Format Version 12.00
# Visual Studio 15
VisualStudioVersion = 15.0.27130.2027
MinimumVisualStudioVersion = 10.0.40219.1
Project("{FAE04EC0-301F-11D3-BF4B-00C04F79EFBC}") = "01. Sum Matrix Elements", "01. Sum Matrix Elements\01. Sum Matrix Elements.csproj", "{0599049A-1F7A-4F3D-9738-838A8028CF03}"
EndProject
Project("{FAE04EC0-301F-11D3-BF4B-00C04F79EFBC}") = "02. Square With Max Sum", "02. Square With Max Sum\02. Square With Max Sum.csproj", "{C04CEFC7-E0CA-41E5-85C8-BE8E1D392B2C}"
EndProject
Project("{FAE04EC0-301F-11D3-BF4B-00C04F79EFBC}") = "03. Group Numbers", "03. Group Numbers\03. Group Numbers.csproj", "{DE6A3617-1290-4AF9-B89A-84FE49C55B7A}"
EndProject
Project("{FAE04EC0-301F-11D3-BF4B-00C04F79EFBC}") = "04. Pascal Triangle", "04. Pascal Triangle\04. Pascal Triangle.csproj", "{EB937050-6A03-40E9-B2F4-2DCAB3439C64}"
EndProject
Global
	GlobalSection(SolutionConfigurationPlatforms) = preSolution
		Debug|Any CPU = Debug|Any CPU
		Release|Any CPU = Release|Any CPU
	EndGlobalSection
	GlobalSection(ProjectConfigurationPlatforms) = postSolution
		{0599049A-1F7A-4F3D-9738-838A8028CF03}.Debug|Any CPU.ActiveCfg = Debug|Any CPU
		{0599049A-1F7A-4F3D-9738-838A8028CF03}.Debug|Any CPU.Build.0 = Debug|Any CPU
		{0599049A-1F7A-4F3D-9738-838A8028CF03}.Release|Any CPU.ActiveCfg = Release|Any CPU
		{0599049A-1F7A-4F3D-9738-838A8028CF03}.Release|Any CPU.Build.0 = Release|Any CPU
		{C04CEFC7-E0CA-41E5-85C8-BE8E1D392B2C}.Debug|Any CPU.ActiveCfg = Debug|Any CPU
		{C04CEFC7-E0CA-41E5-85C8-BE8E1D392B2C}.Debug|Any CPU.Build.0 = Debug|Any CPU
		{C04CEFC7-E0CA-41E5-85C8-BE8E1D392B2C}.Release|Any CPU.ActiveCfg = Release|Any CPU
		{C04CEFC7-E0CA-41E5-85C8-BE8E1D392B2C}.Release|Any CPU.Build.0 = Release|Any CPU
		{DE6A3617-1290-4AF9-B89A-84FE49C55B7A}.Debug|Any CPU.ActiveCfg = Debug|Any CPU
		{DE6A3617-1290-4AF9-B89A-84FE49C55B7A}.Debug|Any CPU.Build.0 = Debug|Any CPU
		{DE6A3617-1290-4AF9-B89A-84FE49C55B7A}.Release|Any CPU.ActiveCfg = Release|Any CPU
		{DE6A3617-1290-4AF9-B89A-84FE49C55B7A}.Release|Any CPU.Build.0 = Release|Any CPU
		{EB937050-6A03-40E9-B2F4-2DCAB3439C64}.Debug|Any CPU.ActiveCfg = Debug|Any CPU
		{EB937050-6A03-40E9-B2F4-2DCAB3439C64}.Debug|Any CPU.Build.0 = Debug|Any CPU
		{EB937050-6A03-40E9-B2F4-2DCAB3439C64}.Release|Any CPU.ActiveCfg = Release|Any CPU
		{EB937050-6A03-40E9-B2F4-2DCAB3439C64}.Release|Any CPU.Build.0 = Release|Any CPU
	EndGlobalSection
	GlobalSection(SolutionProperties) = preSolution
		HideSolutionNode = FALSE
	EndGlobalSection
	GlobalSection(ExtensibilityGlobals) = postSolution
		SolutionGuid = {E96695A2-6C8D-4CCA-AFC4-CA75521E627C}
	EndGlobalSection
EndGlobal
